Microsoft Visual Studio Solution File, Format Version 11.00
# Visual Studio 2008

Project("{8EE77B11-6A40-3DE1-286F-A08D02231F8E}") = "reverse_dungeon", "Assembly-CSharp.csproj", "{943918E0-2CB4-65EB-8748-57C8971220AD}"
EndProject
Global
	GlobalSection(SolutionConfigurationPlatforms) = preSolution
		Debug|Any CPU = Debug|Any CPU
		Release|Any CPU = Release|Any CPU
	EndGlobalSection
	GlobalSection(ProjectConfigurationPlatforms) = postSolution
		{943918E0-2CB4-65EB-8748-57C8971220AD}.Debug|Any CPU.ActiveCfg = Debug|Any CPU
		{943918E0-2CB4-65EB-8748-57C8971220AD}.Debug|Any CPU.Build.0 = Debug|Any CPU
		{943918E0-2CB4-65EB-8748-57C8971220AD}.Release|Any CPU.ActiveCfg = Release|Any CPU
		{943918E0-2CB4-65EB-8748-57C8971220AD}.Release|Any CPU.Build.0 = Release|Any CPU
	EndGlobalSection
	GlobalSection(SolutionProperties) = preSolution
		HideSolutionNode = FALSE
	EndGlobalSection
																														GlobalSection(MonoDevelopProperties) = preSolution
		StartupItem = Assembly-CSharp.csproj
		Policies = $0
		$0.TextStylePolicy = $1
		$1.inheritsSet = null
		$1.scope = text/x-csharp
		$0.CSharpFormattingPolicy = $2
		$2.inheritsSet = Mono
		$2.inheritsScope = text/x-csharp
		$2.scope = text/x-csharp
		$0.TextStylePolicy = $3
		$3.FileWidth = 120
		$3.TabWidth = 4
		$3.IndentWidth = 4
		$3.EolMarker = Unix
		$3.inheritsSet = Mono
		$3.inheritsScope = text/plain
		$3.scope = text/plain
	EndGlobalSection

EndGlobal
